# THIS IS AN AUTOGENERATED FILE. DO NOT EDIT THIS FILE DIRECTLY.
# yarn lockfile v1


"@angular/animations@4.4.6":
  version "4.4.6"
  resolved "https://registry.yarnpkg.com/@angular/animations/-/animations-4.4.6.tgz#fa661899a8a4e38cb7c583c7a5c97ce65d592a35"
  dependencies:
    tslib "^1.7.1"

"@angular/common@4.4.6":
  version "4.4.6"
  resolved "https://registry.yarnpkg.com/@angular/common/-/common-4.4.6.tgz#4b81420724e0828a0e839b95a55eb1a7e83918f2"
  dependencies:
    tslib "^1.7.1"

"@angular/compiler@4.4.6":
  version "4.4.6"
  resolved "https://registry.yarnpkg.com/@angular/compiler/-/compiler-4.4.6.tgz#2ee1faf25b757e1d128979074be7fae529b3bc20"
  dependencies:
    tslib "^1.7.1"

"@angular/core@4.4.6":
  version "4.4.6"
  resolved "https://registry.yarnpkg.com/@angular/core/-/core-4.4.6.tgz#13031fd10dcfe438875419b38f21120958bc2354"
  dependencies:
    tslib "^1.7.1"

"@angular/forms@4.4.6":
  version "4.4.6"
  resolved "https://registry.yarnpkg.com/@angular/forms/-/forms-4.4.6.tgz#fe64ace42435c1b80f49034b7c41ce8caf14a44a"
  dependencies:
    tslib "^1.7.1"

"@angular/http@4.4.6":
  version "4.4.6"
  resolved "https://registry.yarnpkg.com/@angular/http/-/http-4.4.6.tgz#0af680c6710bdc026d940e225cfd0f6a5c005d0c"
  dependencies:
    tslib "^1.7.1"

"@angular/platform-browser@4.4.6":
  version "4.4.6"
  resolved "https://registry.yarnpkg.com/@angular/platform-browser/-/platform-browser-4.4.6.tgz#a9839c547e1b654fa1d24a89780c8ba6ab8dcce0"
  dependencies:
    tslib "^1.7.1"

"@angular/router@4.4.6":
  version "4.4.6"
  resolved "https://registry.yarnpkg.com/@angular/router/-/router-4.4.6.tgz#0f6ad29ae0ff8d2c9ea379bd320447217b7ec866"
  dependencies:
    tslib "^1.7.1"

balanced-match@^1.0.0:
  version "1.0.0"
  resolved "https://registry.yarnpkg.com/balanced-match/-/balanced-match-1.0.0.tgz#89b4d199ab2bee49de164ea02b89ce462d71b767"

brace-expansion@^1.1.7:
  version "1.1.8"
  resolved "https://registry.yarnpkg.com/brace-expansion/-/brace-expansion-1.1.8.tgz#c07b211c7c952ec1f8efd51a77ef0d1d3990a292"
  dependencies:
    balanced-match "^1.0.0"
    concat-map "0.0.1"

concat-map@0.0.1:
  version "0.0.1"
  resolved "https://registry.yarnpkg.com/concat-map/-/concat-map-0.0.1.tgz#d8a96bd77fd68df7793a73036a3ba0d5405d477b"

glob@^6.0.1:
  version "6.0.4"
  resolved "https://registry.yarnpkg.com/glob/-/glob-6.0.4.tgz#0f08860f6a155127b2fadd4f9ce24b1aab6e4d22"
  dependencies:
    inflight "^1.0.4"
    inherits "2"
    minimatch "2 || 3"
    once "^1.3.0"
    path-is-absolute "^1.0.0"

inflight@^1.0.4:
  version "1.0.6"
  resolved "https://registry.yarnpkg.com/inflight/-/inflight-1.0.6.tgz#49bd6331d7d02d0c09bc910a1075ba8165b56df9"
  dependencies:
    once "^1.3.0"
    wrappy "1"

inherits@2:
  version "2.0.3"
  resolved "https://registry.yarnpkg.com/inherits/-/inherits-2.0.3.tgz#633c2c83e3da42a502f52466022480f4208261de"

"minimatch@2 || 3":
  version "3.0.4"
  resolved "https://registry.yarnpkg.com/minimatch/-/minimatch-3.0.4.tgz#5166e286457f03306064be5497e8dbb0c3d32083"
  dependencies:
    brace-expansion "^1.1.7"

minimist@0.0.8:
  version "0.0.8"
  resolved "https://registry.yarnpkg.com/minimist/-/minimist-0.0.8.tgz#857fcabfc3397d2625b8228262e86aa7a011b05d"

mkdirp@^0.5.1:
  version "0.5.1"
  resolved "https://registry.yarnpkg.com/mkdirp/-/mkdirp-0.5.1.tgz#30057438eac6cf7f8c4767f38648d6697d75c903"
  dependencies:
    minimist "0.0.8"

nativescript-angular@4.4.1:
  version "4.4.1"
  resolved "https://registry.yarnpkg.com/nativescript-angular/-/nativescript-angular-4.4.1.tgz#7824689d0c2dc6828bfb1725981aa1f6d94209ab"
  dependencies:
    nativescript-intl "^3.0.0"
    reflect-metadata "^0.1.8"

nativescript-apiclient@3.0.0:
  version "3.0.0"
  resolved "https://registry.yarnpkg.com/nativescript-apiclient/-/nativescript-apiclient-3.0.0.tgz#355c778627ac0ceaaf79b218d7dd6247ec2a8e59"

nativescript-cfalert-dialog@1.0.5:
  version "1.0.5"
  resolved "https://registry.yarnpkg.com/nativescript-cfalert-dialog/-/nativescript-cfalert-dialog-1.0.5.tgz#c24c06e406fb26b4063034065f10d27ba0a2f33f"

nativescript-dev-typescript@0.5.1:
  version "0.5.1"
  resolved "https://registry.yarnpkg.com/nativescript-dev-typescript/-/nativescript-dev-typescript-0.5.1.tgz#60a8514e5a8c88e8637daa447059b38bc63fc752"
  dependencies:
    nativescript-hook "^0.2.0"

nativescript-hook@^0.2.0:
  version "0.2.2"
  resolved "https://registry.yarnpkg.com/nativescript-hook/-/nativescript-hook-0.2.2.tgz#34c0ca8ba47a780eb7673e005360d29bdec618e2"
  dependencies:
    glob "^6.0.1"
    mkdirp "^0.5.1"

nativescript-intl@^3.0.0:
  version "3.0.0"
  resolved "https://registry.yarnpkg.com/nativescript-intl/-/nativescript-intl-3.0.0.tgz#82ee9be7d377172b3c4295734723037628e186a7"

nativescript-iqkeyboardmanager@1.1.0:
  version "1.1.0"
  resolved "https://registry.yarnpkg.com/nativescript-iqkeyboardmanager/-/nativescript-iqkeyboardmanager-1.1.0.tgz#278611d3b215bcbf1970c2854ec374dfe4311014"

nativescript-theme-core@1.0.4:
  version "1.0.4"
  resolved "https://registry.yarnpkg.com/nativescript-theme-core/-/nativescript-theme-core-1.0.4.tgz#cf2880c7fbf2fe5f43e2235d309750790803efe1"

nativescript-youtubeplayer@2.2.5:
  version "2.2.5"
  resolved "https://registry.yarnpkg.com/nativescript-youtubeplayer/-/nativescript-youtubeplayer-2.2.5.tgz#9b0501d6ec711cdfff21c8fc8ffcfc8742e15ff7"

once@^1.3.0:
  version "1.4.0"
  resolved "https://registry.yarnpkg.com/once/-/once-1.4.0.tgz#583b1aa775961d4b113ac17d9c50baef9dd76bd1"
  dependencies:
    wrappy "1"

path-is-absolute@^1.0.0:
  version "1.0.1"
  resolved "https://registry.yarnpkg.com/path-is-absolute/-/path-is-absolute-1.0.1.tgz#174b9268735534ffbc7ace6bf53a5a9e1b5c5f5f"

reflect-metadata@0.1.10, reflect-metadata@^0.1.8:
  version "0.1.10"
  resolved "https://registry.yarnpkg.com/reflect-metadata/-/reflect-metadata-0.1.10.tgz#b4f83704416acad89988c9b15635d47e03b9344a"

rxjs@5.5.2:
  version "5.5.2"
  resolved "https://registry.yarnpkg.com/rxjs/-/rxjs-5.5.2.tgz#28d403f0071121967f18ad665563255d54236ac3"
  dependencies:
    symbol-observable "^1.0.1"

symbol-observable@^1.0.1:
  version "1.1.0"
  resolved "https://registry.yarnpkg.com/symbol-observable/-/symbol-observable-1.1.0.tgz#5c68fd8d54115d9dfb72a84720549222e8db9b32"

tns-core-modules-widgets@3.3.0:
  version "3.3.0"
  resolved "https://registry.yarnpkg.com/tns-core-modules-widgets/-/tns-core-modules-widgets-3.3.0.tgz#d2aa7bb26ad21248c9f5c1f75fea513718666226"

tns-core-modules@3.3.0:
  version "3.3.0"
  resolved "https://registry.yarnpkg.com/tns-core-modules/-/tns-core-modules-3.3.0.tgz#4feb1f31113c554f0bb47984ac496fccdb5af156"
  dependencies:
    tns-core-modules-widgets "3.3.0"

tslib@^1.7.1:
  version "1.8.1"
  resolved "https://registry.yarnpkg.com/tslib/-/tslib-1.8.1.tgz#6946af2d1d651a7b1863b531d6e5afa41aa44eac"

typescript@2.6.2:
  version "2.6.2"
  resolved "https://registry.yarnpkg.com/typescript/-/typescript-2.6.2.tgz#3c5b6fd7f6de0914269027f03c0946758f7673a4"

wrappy@1:
  version "1.0.2"
  resolved "https://registry.yarnpkg.com/wrappy/-/wrappy-1.0.2.tgz#b5243d8f3ec1aa35f1364605bc0d1036e30ab69f"

zone.js@0.8.18:
  version "0.8.18"
  resolved "https://registry.yarnpkg.com/zone.js/-/zone.js-0.8.18.tgz#8cecb3977fcd1b3090562ff4570e2847e752b48d"
